
Microsoft Visual Studio Solution File, Format Version 12.00
# Visual Studio 15
VisualStudioVersion = 15.0.28307.489
MinimumVisualStudioVersion = 10.0.40219.1
Project("{8BC9CEB8-8B4A-11D0-8D11-00A0C91BC942}") = "Day03", "Day03\Day03.vcxproj", "{F28DDFBB-2571-42B0-B6F7-412A4A363A56}"
EndProject
Project("{8BC9CEB8-8B4A-11D0-8D11-00A0C91BC942}") = "Day05", "Day05\Day05.vcxproj", "{01E19AE8-25F3-40CE-B7A8-F1DEC94D5B34}"
EndProject
Project("{8BC9CEB8-8B4A-11D0-8D11-00A0C91BC942}") = "Day04", "Day04\Day04.vcxproj", "{C14E7689-E25D-43C1-872D-8994A33BF71F}"
EndProject
Project("{8BC9CEB8-8B4A-11D0-8D11-00A0C91BC942}") = "Day02", "Day02\Day02.vcxproj", "{A3EFD99F-C836-421D-A130-DC40526A12CE}"
EndProject
Project("{8BC9CEB8-8B4A-11D0-8D11-00A0C91BC942}") = "CPU", "CPU\CPU.vcxitems", "{751ABD39-6000-48F7-A186-F07DF034ECF6}"
EndProject
Project("{8BC9CEB8-8B4A-11D0-8D11-00A0C91BC942}") = "Day09", "Day09\Day09.vcxproj", "{91D3FCE9-A157-45E0-AE6C-BDFA9886A094}"
EndProject
Global
	GlobalSection(SharedMSBuildProjectFiles) = preSolution
		CPU\CPU.vcxitems*{751abd39-6000-48f7-a186-f07df034ecf6}*SharedItemsImports = 9
		CPU\CPU.vcxitems*{91d3fce9-a157-45e0-ae6c-bdfa9886a094}*SharedItemsImports = 4
		CPU\CPU.vcxitems*{a3efd99f-c836-421d-a130-dc40526a12ce}*SharedItemsImports = 4
	EndGlobalSection
	GlobalSection(SolutionConfigurationPlatforms) = preSolution
		Debug|x64 = Debug|x64
		Debug|x86 = Debug|x86
		Release|x64 = Release|x64
		Release|x86 = Release|x86
	EndGlobalSection
	GlobalSection(ProjectConfigurationPlatforms) = postSolution
		{F28DDFBB-2571-42B0-B6F7-412A4A363A56}.Debug|x64.ActiveCfg = Debug|x64
		{F28DDFBB-2571-42B0-B6F7-412A4A363A56}.Debug|x64.Build.0 = Debug|x64
		{F28DDFBB-2571-42B0-B6F7-412A4A363A56}.Debug|x86.ActiveCfg = Debug|Win32
		{F28DDFBB-2571-42B0-B6F7-412A4A363A56}.Debug|x86.Build.0 = Debug|Win32
		{F28DDFBB-2571-42B0-B6F7-412A4A363A56}.Release|x64.ActiveCfg = Release|x64
		{F28DDFBB-2571-42B0-B6F7-412A4A363A56}.Release|x64.Build.0 = Release|x64
		{F28DDFBB-2571-42B0-B6F7-412A4A363A56}.Release|x86.ActiveCfg = Release|Win32
		{F28DDFBB-2571-42B0-B6F7-412A4A363A56}.Release|x86.Build.0 = Release|Win32
		{01E19AE8-25F3-40CE-B7A8-F1DEC94D5B34}.Debug|x64.ActiveCfg = Debug|x64
		{01E19AE8-25F3-40CE-B7A8-F1DEC94D5B34}.Debug|x64.Build.0 = Debug|x64
		{01E19AE8-25F3-40CE-B7A8-F1DEC94D5B34}.Debug|x86.ActiveCfg = Debug|Win32
		{01E19AE8-25F3-40CE-B7A8-F1DEC94D5B34}.Debug|x86.Build.0 = Debug|Win32
		{01E19AE8-25F3-40CE-B7A8-F1DEC94D5B34}.Release|x64.ActiveCfg = Release|x64
		{01E19AE8-25F3-40CE-B7A8-F1DEC94D5B34}.Release|x64.Build.0 = Release|x64
		{01E19AE8-25F3-40CE-B7A8-F1DEC94D5B34}.Release|x86.ActiveCfg = Release|Win32
		{01E19AE8-25F3-40CE-B7A8-F1DEC94D5B34}.Release|x86.Build.0 = Release|Win32
		{C14E7689-E25D-43C1-872D-8994A33BF71F}.Debug|x64.ActiveCfg = Debug|x64
		{C14E7689-E25D-43C1-872D-8994A33BF71F}.Debug|x64.Build.0 = Debug|x64
		{C14E7689-E25D-43C1-872D-8994A33BF71F}.Debug|x86.ActiveCfg = Debug|Win32
		{C14E7689-E25D-43C1-872D-8994A33BF71F}.Debug|x86.Build.0 = Debug|Win32
		{C14E7689-E25D-43C1-872D-8994A33BF71F}.Release|x64.ActiveCfg = Release|x64
		{C14E7689-E25D-43C1-872D-8994A33BF71F}.Release|x64.Build.0 = Release|x64
		{C14E7689-E25D-43C1-872D-8994A33BF71F}.Release|x86.ActiveCfg = Release|Win32
		{C14E7689-E25D-43C1-872D-8994A33BF71F}.Release|x86.Build.0 = Release|Win32
		{A3EFD99F-C836-421D-A130-DC40526A12CE}.Debug|x64.ActiveCfg = Debug|x64
		{A3EFD99F-C836-421D-A130-DC40526A12CE}.Debug|x64.Build.0 = Debug|x64
		{A3EFD99F-C836-421D-A130-DC40526A12CE}.Debug|x86.ActiveCfg = Debug|Win32
		{A3EFD99F-C836-421D-A130-DC40526A12CE}.Debug|x86.Build.0 = Debug|Win32
		{A3EFD99F-C836-421D-A130-DC40526A12CE}.Release|x64.ActiveCfg = Release|x64
		{A3EFD99F-C836-421D-A130-DC40526A12CE}.Release|x64.Build.0 = Release|x64
		{A3EFD99F-C836-421D-A130-DC40526A12CE}.Release|x86.ActiveCfg = Release|Win32
		{A3EFD99F-C836-421D-A130-DC40526A12CE}.Release|x86.Build.0 = Release|Win32
		{91D3FCE9-A157-45E0-AE6C-BDFA9886A094}.Debug|x64.ActiveCfg = Debug|x64
		{91D3FCE9-A157-45E0-AE6C-BDFA9886A094}.Debug|x64.Build.0 = Debug|x64
		{91D3FCE9-A157-45E0-AE6C-BDFA9886A094}.Debug|x86.ActiveCfg = Debug|Win32
		{91D3FCE9-A157-45E0-AE6C-BDFA9886A094}.Debug|x86.Build.0 = Debug|Win32
		{91D3FCE9-A157-45E0-AE6C-BDFA9886A094}.Release|x64.ActiveCfg = Release|x64
		{91D3FCE9-A157-45E0-AE6C-BDFA9886A094}.Release|x64.Build.0 = Release|x64
		{91D3FCE9-A157-45E0-AE6C-BDFA9886A094}.Release|x86.ActiveCfg = Release|Win32
		{91D3FCE9-A157-45E0-AE6C-BDFA9886A094}.Release|x86.Build.0 = Release|Win32
	EndGlobalSection
	GlobalSection(SolutionProperties) = preSolution
		HideSolutionNode = FALSE
	EndGlobalSection
	GlobalSection(ExtensibilityGlobals) = postSolution
		SolutionGuid = {B4122524-4BA4-41A4-9B7E-71EEE7EF1A93}
	EndGlobalSection
EndGlobal
